// !$*UTF8*$!
{
	archiveVersion = 1;
	classes = {
	};
	objectVersion = 50;
	objects = {

/* Begin PBXBuildFile section */
		1344A241267A511800D00BD0 /* MainView.swift in Sources */ = {isa = PBXBuildFile; fileRef = 1344A240267A511800D00BD0 /* MainView.swift */; };
		13DCA7CC26737304000F3E76 /* Experience.xcassets in Resources */ = {isa = PBXBuildFile; fileRef = 13DCA7CB26737304000F3E76 /* Experience.xcassets */; };
		13DCA7CE26737320000F3E76 /* Profile.xcassets in Resources */ = {isa = PBXBuildFile; fileRef = 13DCA7CD26737320000F3E76 /* Profile.xcassets */; };
		13F18E952678F4660095B184 /* InfosProfileView.swift in Sources */ = {isa = PBXBuildFile; fileRef = 13F18E942678F4660095B184 /* InfosProfileView.swift */; };
		13F18E972678F5780095B184 /* DescriptionProfileView.swift in Sources */ = {isa = PBXBuildFile; fileRef = 13F18E962678F5780095B184 /* DescriptionProfileView.swift */; };
		21B6EBF7267C907500EC2F9E /* MasterView.swift in Sources */ = {isa = PBXBuildFile; fileRef = 21B6EBF6267C907500EC2F9E /* MasterView.swift */; };
		21B6EBFD267C929600EC2F9E /* FavorisView.swift in Sources */ = {isa = PBXBuildFile; fileRef = 21B6EBFC267C929600EC2F9E /* FavorisView.swift */; };
		21B6EC00267C932E00EC2F9E /* PriceView.swift in Sources */ = {isa = PBXBuildFile; fileRef = 21B6EBFF267C932E00EC2F9E /* PriceView.swift */; };
		21B6EC02267C936D00EC2F9E /* TitleScreen.swift in Sources */ = {isa = PBXBuildFile; fileRef = 21B6EC01267C936D00EC2F9E /* TitleScreen.swift */; };
		21B6EC06267C940500EC2F9E /* RatingLine.swift in Sources */ = {isa = PBXBuildFile; fileRef = 21B6EC05267C940500EC2F9E /* RatingLine.swift */; };
		21B6EC08267C948800EC2F9E /* ImageProfile.swift in Sources */ = {isa = PBXBuildFile; fileRef = 21B6EC07267C948800EC2F9E /* ImageProfile.swift */; };
		21B6EC0A267C955700EC2F9E /* DescriptionView.swift in Sources */ = {isa = PBXBuildFile; fileRef = 21B6EC09267C955700EC2F9E /* DescriptionView.swift */; };
		21B6EC0C267C957000EC2F9E /* SectionTitle.swift in Sources */ = {isa = PBXBuildFile; fileRef = 21B6EC0B267C957000EC2F9E /* SectionTitle.swift */; };
		21B6EC0E267C95A900EC2F9E /* SeeMoreButton.swift in Sources */ = {isa = PBXBuildFile; fileRef = 21B6EC0D267C95A900EC2F9E /* SeeMoreButton.swift */; };
		21B6EC12267C95F800EC2F9E /* Keyboard+.swift in Sources */ = {isa = PBXBuildFile; fileRef = 21B6EC11267C95F800EC2F9E /* Keyboard+.swift */; };
		21B6EC15267C962100EC2F9E /* ExplorerView.swift in Sources */ = {isa = PBXBuildFile; fileRef = 21B6EC14267C962100EC2F9E /* ExplorerView.swift */; };
		21B6EC17267C963300EC2F9E /* MapView.swift in Sources */ = {isa = PBXBuildFile; fileRef = 21B6EC16267C963300EC2F9E /* MapView.swift */; };
		21B6EC1A267C966C00EC2F9E /* SearchBar.swift in Sources */ = {isa = PBXBuildFile; fileRef = 21B6EC19267C966C00EC2F9E /* SearchBar.swift */; };
		21B6EC1C267C968200EC2F9E /* SearchView.swift in Sources */ = {isa = PBXBuildFile; fileRef = 21B6EC1B267C968200EC2F9E /* SearchView.swift */; };
		21B6EC1E267C969400EC2F9E /* MapButton.swift in Sources */ = {isa = PBXBuildFile; fileRef = 21B6EC1D267C969400EC2F9E /* MapButton.swift */; };
		21B6EC21267C96E200EC2F9E /* Button+.swift in Sources */ = {isa = PBXBuildFile; fileRef = 21B6EC20267C96E200EC2F9E /* Button+.swift */; };
		21B6EC23267C970800EC2F9E /* SignInWithAppleViewModel.swift in Sources */ = {isa = PBXBuildFile; fileRef = 21B6EC22267C970800EC2F9E /* SignInWithAppleViewModel.swift */; };
		21B6EC26267C973C00EC2F9E /* MasterLogin.swift in Sources */ = {isa = PBXBuildFile; fileRef = 21B6EC25267C973C00EC2F9E /* MasterLogin.swift */; };
		21B6EC28267C975500EC2F9E /* LoginButton.swift in Sources */ = {isa = PBXBuildFile; fileRef = 21B6EC27267C975500EC2F9E /* LoginButton.swift */; };
		21B6EC2A267C976500EC2F9E /* EmailTextFieldView.swift in Sources */ = {isa = PBXBuildFile; fileRef = 21B6EC29267C976500EC2F9E /* EmailTextFieldView.swift */; };
		21B6EC2C267C977700EC2F9E /* PasswordTextFieldView.swift in Sources */ = {isa = PBXBuildFile; fileRef = 21B6EC2B267C977700EC2F9E /* PasswordTextFieldView.swift */; };
		21B6EC2E267C978700EC2F9E /* InfosPersonalTextFieldView.swift in Sources */ = {isa = PBXBuildFile; fileRef = 21B6EC2D267C978700EC2F9E /* InfosPersonalTextFieldView.swift */; };
		21B6EC30267C979F00EC2F9E /* QuickSignInWithApple.swift in Sources */ = {isa = PBXBuildFile; fileRef = 21B6EC2F267C979F00EC2F9E /* QuickSignInWithApple.swift */; };
		21B6EC32267C97B100EC2F9E /* OtherLoginButton.swift in Sources */ = {isa = PBXBuildFile; fileRef = 21B6EC31267C97B100EC2F9E /* OtherLoginButton.swift */; };
		21B6EC34267C97D400EC2F9E /* SignInView.swift in Sources */ = {isa = PBXBuildFile; fileRef = 21B6EC33267C97D400EC2F9E /* SignInView.swift */; };
		21B6EC36267C97EA00EC2F9E /* SignUpView.swift in Sources */ = {isa = PBXBuildFile; fileRef = 21B6EC35267C97EA00EC2F9E /* SignUpView.swift */; };
		21B6EC38267C97FE00EC2F9E /* ResetPassword.swift in Sources */ = {isa = PBXBuildFile; fileRef = 21B6EC37267C97FE00EC2F9E /* ResetPassword.swift */; };
		21B6EC3A267C9C5D00EC2F9E /* ProfileView.swift in Sources */ = {isa = PBXBuildFile; fileRef = 21B6EC39267C9C5D00EC2F9E /* ProfileView.swift */; };
		21B6EC3C267C9CA200EC2F9E /* SettingsButtonView.swift in Sources */ = {isa = PBXBuildFile; fileRef = 21B6EC3B267C9CA200EC2F9E /* SettingsButtonView.swift */; };
		21B6EC3E267C9D2000EC2F9E /* InfosHeaderProfileView.swift in Sources */ = {isa = PBXBuildFile; fileRef = 21B6EC3D267C9D2000EC2F9E /* InfosHeaderProfileView.swift */; };
		21B6EC41267C9F2700EC2F9E /* ExperienceCard.swift in Sources */ = {isa = PBXBuildFile; fileRef = 21B6EC40267C9F2700EC2F9E /* ExperienceCard.swift */; };
		21B6EC45267CA07000EC2F9E /* UserHistoryView.swift in Sources */ = {isa = PBXBuildFile; fileRef = 21B6EC44267CA07000EC2F9E /* UserHistoryView.swift */; };
		21B6EC47267CA20900EC2F9E /* DurationLine.swift in Sources */ = {isa = PBXBuildFile; fileRef = 21B6EC46267CA20900EC2F9E /* DurationLine.swift */; };
		2B1E500F26776612002B7E43 /* Colors+.swift in Sources */ = {isa = PBXBuildFile; fileRef = 2B1E500E26776612002B7E43 /* Colors+.swift */; };
		2B26141B2678915F00C48BC2 /* StepThree.swift in Sources */ = {isa = PBXBuildFile; fileRef = 2B26141A2678915F00C48BC2 /* StepThree.swift */; };
		2B26141E267892CB00C48BC2 /* BackButton.swift in Sources */ = {isa = PBXBuildFile; fileRef = 2B26141D267892CB00C48BC2 /* BackButton.swift */; };
		2B2614212678933D00C48BC2 /* SkipQuizButton.swift in Sources */ = {isa = PBXBuildFile; fileRef = 2B2614202678933D00C48BC2 /* SkipQuizButton.swift */; };
		2B26142426789B0500C48BC2 /* RandomCategory.swift in Sources */ = {isa = PBXBuildFile; fileRef = 2B26142326789B0500C48BC2 /* RandomCategory.swift */; };
		2B26142A2678A35D00C48BC2 /* Suggestions.swift in Sources */ = {isa = PBXBuildFile; fileRef = 2B2614292678A35D00C48BC2 /* Suggestions.swift */; };
		2B26142D2678A38C00C48BC2 /* Suggestion.swift in Sources */ = {isa = PBXBuildFile; fileRef = 2B26142C2678A38C00C48BC2 /* Suggestion.swift */; };
		2B90CC562677D4D000B5EC2E /* StepTwo.swift in Sources */ = {isa = PBXBuildFile; fileRef = 2B90CC552677D4D000B5EC2E /* StepTwo.swift */; };
		2BE1E8672677704700E4C55D /* QuizTitle.swift in Sources */ = {isa = PBXBuildFile; fileRef = 2BE1E8662677704700E4C55D /* QuizTitle.swift */; };
		2BE1E86B2677712500E4C55D /* Category.swift in Sources */ = {isa = PBXBuildFile; fileRef = 2BE1E86A2677712500E4C55D /* Category.swift */; };
		2BE1E86E26777D2700E4C55D /* Flow.swift in Sources */ = {isa = PBXBuildFile; fileRef = 2BE1E86D26777D2700E4C55D /* Flow.swift */; };
		2BE1E87126777D4400E4C55D /* Quiz.swift in Sources */ = {isa = PBXBuildFile; fileRef = 2BE1E87026777D4400E4C55D /* Quiz.swift */; };
		2BE1E87426777DA100E4C55D /* ExperienceCategories.swift in Sources */ = {isa = PBXBuildFile; fileRef = 2BE1E87326777DA100E4C55D /* ExperienceCategories.swift */; };
		2BE1E87726777F9C00E4C55D /* LocationMode.swift in Sources */ = {isa = PBXBuildFile; fileRef = 2BE1E87626777F9C00E4C55D /* LocationMode.swift */; };
		2BE1E87A2677808F00E4C55D /* ParticipationMode.swift in Sources */ = {isa = PBXBuildFile; fileRef = 2BE1E8792677808F00E4C55D /* ParticipationMode.swift */; };
		2BE1E882267782DC00E4C55D /* Experience.swift in Sources */ = {isa = PBXBuildFile; fileRef = 2BE1E881267782DC00E4C55D /* Experience.swift */; };
		2BE1E8852677866900E4C55D /* Review.swift in Sources */ = {isa = PBXBuildFile; fileRef = 2BE1E8842677866900E4C55D /* Review.swift */; };
		2BE1E888267786C700E4C55D /* User.swift in Sources */ = {isa = PBXBuildFile; fileRef = 2BE1E887267786C700E4C55D /* User.swift */; };
		2BE1E88B267789AA00E4C55D /* UserRole.swift in Sources */ = {isa = PBXBuildFile; fileRef = 2BE1E88A267789AA00E4C55D /* UserRole.swift */; };
		2BE1E88E267789E300E4C55D /* Address.swift in Sources */ = {isa = PBXBuildFile; fileRef = 2BE1E88D267789E300E4C55D /* Address.swift */; };
		2BE1E89126778A9300E4C55D /* Session.swift in Sources */ = {isa = PBXBuildFile; fileRef = 2BE1E89026778A9300E4C55D /* Session.swift */; };
		2BE1E8942677979600E4C55D /* StepOne.swift in Sources */ = {isa = PBXBuildFile; fileRef = 2BE1E8932677979600E4C55D /* StepOne.swift */; };
		2BED752F267258D300C49853 /* inspireApp.swift in Sources */ = {isa = PBXBuildFile; fileRef = 2BED752E267258D300C49853 /* inspireApp.swift */; };
		2BED7531267258D300C49853 /* ContentView.swift in Sources */ = {isa = PBXBuildFile; fileRef = 2BED7530267258D300C49853 /* ContentView.swift */; };
		2BED7533267258D600C49853 /* Assets.xcassets in Resources */ = {isa = PBXBuildFile; fileRef = 2BED7532267258D600C49853 /* Assets.xcassets */; };
		2BED7536267258D600C49853 /* Preview Assets.xcassets in Resources */ = {isa = PBXBuildFile; fileRef = 2BED7535267258D600C49853 /* Preview Assets.xcassets */; };
		2BED7538267258D600C49853 /* Persistence.swift in Sources */ = {isa = PBXBuildFile; fileRef = 2BED7537267258D600C49853 /* Persistence.swift */; };
		2BED753B267258D600C49853 /* inspire.xcdatamodeld in Sources */ = {isa = PBXBuildFile; fileRef = 2BED7539267258D600C49853 /* inspire.xcdatamodeld */; };
		2BED754626725B0600C49853 /* CategoryFilter.swift in Sources */ = {isa = PBXBuildFile; fileRef = 2BED754526725B0600C49853 /* CategoryFilter.swift */; };
		383D1F052679FF9E0079823A /* ExperienceReviews.swift in Sources */ = {isa = PBXBuildFile; fileRef = 383D1F042679FF9E0079823A /* ExperienceReviews.swift */; };
		383D1F09267A024E0079823A /* ExperienceDetails.swift in Sources */ = {isa = PBXBuildFile; fileRef = 383D1F08267A024E0079823A /* ExperienceDetails.swift */; };
		383D1F0B267A025A0079823A /* AuthorMainInfos.swift in Sources */ = {isa = PBXBuildFile; fileRef = 383D1F0A267A025A0079823A /* AuthorMainInfos.swift */; };
		383D1F0D267A028B0079823A /* ExperienceContact.swift in Sources */ = {isa = PBXBuildFile; fileRef = 383D1F0C267A028B0079823A /* ExperienceContact.swift */; };
		383D1F0F267A029C0079823A /* ExperiencePriceDates.swift in Sources */ = {isa = PBXBuildFile; fileRef = 383D1F0E267A029C0079823A /* ExperiencePriceDates.swift */; };
		383D1F11267A02AD0079823A /* ExperienceProgram.swift in Sources */ = {isa = PBXBuildFile; fileRef = 383D1F10267A02AD0079823A /* ExperienceProgram.swift */; };
		383D1F13267A02D40079823A /* UserNeeds.swift in Sources */ = {isa = PBXBuildFile; fileRef = 383D1F12267A02D40079823A /* UserNeeds.swift */; };
		38B042BD267B23E800A0765D /* EssaiExp.swift in Sources */ = {isa = PBXBuildFile; fileRef = 38B042BC267B23E800A0765D /* EssaiExp.swift */; };
		38B042BF267B280100A0765D /* NeedsData.swift in Sources */ = {isa = PBXBuildFile; fileRef = 38B042BE267B280100A0765D /* NeedsData.swift */; };
		C265B377267A46F100CF33A9 /* ExpérienceCard.swift in Sources */ = {isa = PBXBuildFile; fileRef = C265B376267A46F100CF33A9 /* ExpérienceCard.swift */; };
/* End PBXBuildFile section */

/* Begin PBXFileReference section */
		1344A240267A511800D00BD0 /* MainView.swift */ = {isa = PBXFileReference; lastKnownFileType = sourcecode.swift; path = MainView.swift; sourceTree = "<group>"; };
		13DCA7CB26737304000F3E76 /* Experience.xcassets */ = {isa = PBXFileReference; lastKnownFileType = folder.assetcatalog; path = Experience.xcassets; sourceTree = "<group>"; };
		13DCA7CD26737320000F3E76 /* Profile.xcassets */ = {isa = PBXFileReference; lastKnownFileType = folder.assetcatalog; path = Profile.xcassets; sourceTree = "<group>"; };
		13F18E942678F4660095B184 /* InfosProfileView.swift */ = {isa = PBXFileReference; lastKnownFileType = sourcecode.swift; path = InfosProfileView.swift; sourceTree = "<group>"; };
		13F18E962678F5780095B184 /* DescriptionProfileView.swift */ = {isa = PBXFileReference; lastKnownFileType = sourcecode.swift; path = DescriptionProfileView.swift; sourceTree = "<group>"; };
		21B6EBF6267C907500EC2F9E /* MasterView.swift */ = {isa = PBXFileReference; lastKnownFileType = sourcecode.swift; name = MasterView.swift; path = Views/Quiz/View/MasterView.swift; sourceTree = "<group>"; };
		21B6EBFC267C929600EC2F9E /* FavorisView.swift */ = {isa = PBXFileReference; lastKnownFileType = sourcecode.swift; path = FavorisView.swift; sourceTree = "<group>"; };
		21B6EBFF267C932E00EC2F9E /* PriceView.swift */ = {isa = PBXFileReference; lastKnownFileType = sourcecode.swift; path = PriceView.swift; sourceTree = "<group>"; };
		21B6EC01267C936D00EC2F9E /* TitleScreen.swift */ = {isa = PBXFileReference; lastKnownFileType = sourcecode.swift; path = TitleScreen.swift; sourceTree = "<group>"; };
		21B6EC05267C940500EC2F9E /* RatingLine.swift */ = {isa = PBXFileReference; lastKnownFileType = sourcecode.swift; path = RatingLine.swift; sourceTree = "<group>"; };
		21B6EC07267C948800EC2F9E /* ImageProfile.swift */ = {isa = PBXFileReference; lastKnownFileType = sourcecode.swift; path = ImageProfile.swift; sourceTree = "<group>"; };
		21B6EC09267C955700EC2F9E /* DescriptionView.swift */ = {isa = PBXFileReference; lastKnownFileType = sourcecode.swift; path = DescriptionView.swift; sourceTree = "<group>"; };
		21B6EC0B267C957000EC2F9E /* SectionTitle.swift */ = {isa = PBXFileReference; lastKnownFileType = sourcecode.swift; path = SectionTitle.swift; sourceTree = "<group>"; };
		21B6EC0D267C95A900EC2F9E /* SeeMoreButton.swift */ = {isa = PBXFileReference; lastKnownFileType = sourcecode.swift; path = SeeMoreButton.swift; sourceTree = "<group>"; };
		21B6EC11267C95F800EC2F9E /* Keyboard+.swift */ = {isa = PBXFileReference; lastKnownFileType = sourcecode.swift; path = "Keyboard+.swift"; sourceTree = "<group>"; };
		21B6EC14267C962100EC2F9E /* ExplorerView.swift */ = {isa = PBXFileReference; lastKnownFileType = sourcecode.swift; path = ExplorerView.swift; sourceTree = "<group>"; };
		21B6EC16267C963300EC2F9E /* MapView.swift */ = {isa = PBXFileReference; lastKnownFileType = sourcecode.swift; path = MapView.swift; sourceTree = "<group>"; };
		21B6EC19267C966C00EC2F9E /* SearchBar.swift */ = {isa = PBXFileReference; lastKnownFileType = sourcecode.swift; path = SearchBar.swift; sourceTree = "<group>"; };
		21B6EC1B267C968200EC2F9E /* SearchView.swift */ = {isa = PBXFileReference; lastKnownFileType = sourcecode.swift; path = SearchView.swift; sourceTree = "<group>"; };
		21B6EC1D267C969400EC2F9E /* MapButton.swift */ = {isa = PBXFileReference; lastKnownFileType = sourcecode.swift; path = MapButton.swift; sourceTree = "<group>"; };
		21B6EC20267C96E200EC2F9E /* Button+.swift */ = {isa = PBXFileReference; lastKnownFileType = sourcecode.swift; path = "Button+.swift"; sourceTree = "<group>"; };
		21B6EC22267C970800EC2F9E /* SignInWithAppleViewModel.swift */ = {isa = PBXFileReference; lastKnownFileType = sourcecode.swift; path = SignInWithAppleViewModel.swift; sourceTree = "<group>"; };
		21B6EC25267C973C00EC2F9E /* MasterLogin.swift */ = {isa = PBXFileReference; lastKnownFileType = sourcecode.swift; path = MasterLogin.swift; sourceTree = "<group>"; };
		21B6EC27267C975500EC2F9E /* LoginButton.swift */ = {isa = PBXFileReference; lastKnownFileType = sourcecode.swift; path = LoginButton.swift; sourceTree = "<group>"; };
		21B6EC29267C976500EC2F9E /* EmailTextFieldView.swift */ = {isa = PBXFileReference; lastKnownFileType = sourcecode.swift; path = EmailTextFieldView.swift; sourceTree = "<group>"; };
		21B6EC2B267C977700EC2F9E /* PasswordTextFieldView.swift */ = {isa = PBXFileReference; lastKnownFileType = sourcecode.swift; path = PasswordTextFieldView.swift; sourceTree = "<group>"; };
		21B6EC2D267C978700EC2F9E /* InfosPersonalTextFieldView.swift */ = {isa = PBXFileReference; lastKnownFileType = sourcecode.swift; path = InfosPersonalTextFieldView.swift; sourceTree = "<group>"; };
		21B6EC2F267C979F00EC2F9E /* QuickSignInWithApple.swift */ = {isa = PBXFileReference; lastKnownFileType = sourcecode.swift; path = QuickSignInWithApple.swift; sourceTree = "<group>"; };
		21B6EC31267C97B100EC2F9E /* OtherLoginButton.swift */ = {isa = PBXFileReference; lastKnownFileType = sourcecode.swift; path = OtherLoginButton.swift; sourceTree = "<group>"; };
		21B6EC33267C97D400EC2F9E /* SignInView.swift */ = {isa = PBXFileReference; lastKnownFileType = sourcecode.swift; path = SignInView.swift; sourceTree = "<group>"; };
		21B6EC35267C97EA00EC2F9E /* SignUpView.swift */ = {isa = PBXFileReference; lastKnownFileType = sourcecode.swift; path = SignUpView.swift; sourceTree = "<group>"; };
		21B6EC37267C97FE00EC2F9E /* ResetPassword.swift */ = {isa = PBXFileReference; lastKnownFileType = sourcecode.swift; path = ResetPassword.swift; sourceTree = "<group>"; };
		21B6EC39267C9C5D00EC2F9E /* ProfileView.swift */ = {isa = PBXFileReference; lastKnownFileType = sourcecode.swift; path = ProfileView.swift; sourceTree = "<group>"; };
		21B6EC3B267C9CA200EC2F9E /* SettingsButtonView.swift */ = {isa = PBXFileReference; lastKnownFileType = sourcecode.swift; path = SettingsButtonView.swift; sourceTree = "<group>"; };
		21B6EC3D267C9D2000EC2F9E /* InfosHeaderProfileView.swift */ = {isa = PBXFileReference; lastKnownFileType = sourcecode.swift; path = InfosHeaderProfileView.swift; sourceTree = "<group>"; };
		21B6EC40267C9F2700EC2F9E /* ExperienceCard.swift */ = {isa = PBXFileReference; lastKnownFileType = sourcecode.swift; path = ExperienceCard.swift; sourceTree = "<group>"; };
		21B6EC44267CA07000EC2F9E /* UserHistoryView.swift */ = {isa = PBXFileReference; lastKnownFileType = sourcecode.swift; path = UserHistoryView.swift; sourceTree = "<group>"; };
		21B6EC46267CA20900EC2F9E /* DurationLine.swift */ = {isa = PBXFileReference; lastKnownFileType = sourcecode.swift; path = DurationLine.swift; sourceTree = "<group>"; };
		2B1E500E26776612002B7E43 /* Colors+.swift */ = {isa = PBXFileReference; lastKnownFileType = sourcecode.swift; path = "Colors+.swift"; sourceTree = "<group>"; };
		2B26141A2678915F00C48BC2 /* StepThree.swift */ = {isa = PBXFileReference; lastKnownFileType = sourcecode.swift; path = StepThree.swift; sourceTree = SOURCE_ROOT; };
		2B26141D267892CB00C48BC2 /* BackButton.swift */ = {isa = PBXFileReference; lastKnownFileType = sourcecode.swift; path = BackButton.swift; sourceTree = "<group>"; };
		2B2614202678933D00C48BC2 /* SkipQuizButton.swift */ = {isa = PBXFileReference; lastKnownFileType = sourcecode.swift; path = SkipQuizButton.swift; sourceTree = "<group>"; };
		2B26142326789B0500C48BC2 /* RandomCategory.swift */ = {isa = PBXFileReference; lastKnownFileType = sourcecode.swift; path = RandomCategory.swift; sourceTree = "<group>"; };
		2B2614292678A35D00C48BC2 /* Suggestions.swift */ = {isa = PBXFileReference; lastKnownFileType = sourcecode.swift; path = Suggestions.swift; sourceTree = "<group>"; };
		2B26142C2678A38C00C48BC2 /* Suggestion.swift */ = {isa = PBXFileReference; lastKnownFileType = sourcecode.swift; path = Suggestion.swift; sourceTree = "<group>"; };
		2B90CC552677D4D000B5EC2E /* StepTwo.swift */ = {isa = PBXFileReference; lastKnownFileType = sourcecode.swift; path = StepTwo.swift; sourceTree = "<group>"; };
		2BE1E8662677704700E4C55D /* QuizTitle.swift */ = {isa = PBXFileReference; lastKnownFileType = sourcecode.swift; path = QuizTitle.swift; sourceTree = "<group>"; };
		2BE1E86A2677712500E4C55D /* Category.swift */ = {isa = PBXFileReference; lastKnownFileType = sourcecode.swift; path = Category.swift; sourceTree = "<group>"; };
		2BE1E86D26777D2700E4C55D /* Flow.swift */ = {isa = PBXFileReference; lastKnownFileType = sourcecode.swift; path = Flow.swift; sourceTree = "<group>"; };
		2BE1E87026777D4400E4C55D /* Quiz.swift */ = {isa = PBXFileReference; lastKnownFileType = sourcecode.swift; path = Quiz.swift; sourceTree = "<group>"; };
		2BE1E87326777DA100E4C55D /* ExperienceCategories.swift */ = {isa = PBXFileReference; lastKnownFileType = sourcecode.swift; path = ExperienceCategories.swift; sourceTree = "<group>"; };
		2BE1E87626777F9C00E4C55D /* LocationMode.swift */ = {isa = PBXFileReference; lastKnownFileType = sourcecode.swift; path = LocationMode.swift; sourceTree = "<group>"; };
		2BE1E8792677808F00E4C55D /* ParticipationMode.swift */ = {isa = PBXFileReference; lastKnownFileType = sourcecode.swift; path = ParticipationMode.swift; sourceTree = "<group>"; };
		2BE1E881267782DC00E4C55D /* Experience.swift */ = {isa = PBXFileReference; lastKnownFileType = sourcecode.swift; path = Experience.swift; sourceTree = "<group>"; };
		2BE1E8842677866900E4C55D /* Review.swift */ = {isa = PBXFileReference; lastKnownFileType = sourcecode.swift; path = Review.swift; sourceTree = "<group>"; };
		2BE1E887267786C700E4C55D /* User.swift */ = {isa = PBXFileReference; lastKnownFileType = sourcecode.swift; path = User.swift; sourceTree = "<group>"; };
		2BE1E88A267789AA00E4C55D /* UserRole.swift */ = {isa = PBXFileReference; lastKnownFileType = sourcecode.swift; path = UserRole.swift; sourceTree = "<group>"; };
		2BE1E88D267789E300E4C55D /* Address.swift */ = {isa = PBXFileReference; lastKnownFileType = sourcecode.swift; path = Address.swift; sourceTree = "<group>"; };
		2BE1E89026778A9300E4C55D /* Session.swift */ = {isa = PBXFileReference; lastKnownFileType = sourcecode.swift; path = Session.swift; sourceTree = "<group>"; };
		2BE1E8932677979600E4C55D /* StepOne.swift */ = {isa = PBXFileReference; lastKnownFileType = sourcecode.swift; path = StepOne.swift; sourceTree = "<group>"; };
		2BED752B267258D300C49853 /* inspire.app */ = {isa = PBXFileReference; explicitFileType = wrapper.application; includeInIndex = 0; path = inspire.app; sourceTree = BUILT_PRODUCTS_DIR; };
		2BED752E267258D300C49853 /* inspireApp.swift */ = {isa = PBXFileReference; lastKnownFileType = sourcecode.swift; path = inspireApp.swift; sourceTree = "<group>"; };
		2BED7530267258D300C49853 /* ContentView.swift */ = {isa = PBXFileReference; lastKnownFileType = sourcecode.swift; path = ContentView.swift; sourceTree = "<group>"; };
		2BED7532267258D600C49853 /* Assets.xcassets */ = {isa = PBXFileReference; lastKnownFileType = folder.assetcatalog; path = Assets.xcassets; sourceTree = "<group>"; };
		2BED7535267258D600C49853 /* Preview Assets.xcassets */ = {isa = PBXFileReference; lastKnownFileType = folder.assetcatalog; path = "Preview Assets.xcassets"; sourceTree = "<group>"; };
		2BED7537267258D600C49853 /* Persistence.swift */ = {isa = PBXFileReference; lastKnownFileType = sourcecode.swift; path = Persistence.swift; sourceTree = "<group>"; };
		2BED753A267258D600C49853 /* inspire.xcdatamodel */ = {isa = PBXFileReference; lastKnownFileType = wrapper.xcdatamodel; path = inspire.xcdatamodel; sourceTree = "<group>"; };
		2BED753C267258D600C49853 /* Info.plist */ = {isa = PBXFileReference; lastKnownFileType = text.plist.xml; path = Info.plist; sourceTree = "<group>"; };
		2BED754526725B0600C49853 /* CategoryFilter.swift */ = {isa = PBXFileReference; lastKnownFileType = sourcecode.swift; path = CategoryFilter.swift; sourceTree = "<group>"; };
		383D1F042679FF9E0079823A /* ExperienceReviews.swift */ = {isa = PBXFileReference; fileEncoding = 4; lastKnownFileType = sourcecode.swift; path = ExperienceReviews.swift; sourceTree = "<group>"; };
		383D1F08267A024E0079823A /* ExperienceDetails.swift */ = {isa = PBXFileReference; fileEncoding = 4; lastKnownFileType = sourcecode.swift; path = ExperienceDetails.swift; sourceTree = "<group>"; };
		383D1F0A267A025A0079823A /* AuthorMainInfos.swift */ = {isa = PBXFileReference; fileEncoding = 4; lastKnownFileType = sourcecode.swift; path = AuthorMainInfos.swift; sourceTree = "<group>"; };
		383D1F0C267A028B0079823A /* ExperienceContact.swift */ = {isa = PBXFileReference; fileEncoding = 4; lastKnownFileType = sourcecode.swift; path = ExperienceContact.swift; sourceTree = "<group>"; };
		383D1F0E267A029C0079823A /* ExperiencePriceDates.swift */ = {isa = PBXFileReference; fileEncoding = 4; lastKnownFileType = sourcecode.swift; path = ExperiencePriceDates.swift; sourceTree = "<group>"; };
		383D1F10267A02AD0079823A /* ExperienceProgram.swift */ = {isa = PBXFileReference; fileEncoding = 4; lastKnownFileType = sourcecode.swift; path = ExperienceProgram.swift; sourceTree = "<group>"; };
		383D1F12267A02D40079823A /* UserNeeds.swift */ = {isa = PBXFileReference; fileEncoding = 4; lastKnownFileType = sourcecode.swift; path = UserNeeds.swift; sourceTree = "<group>"; };
		38B042BC267B23E800A0765D /* EssaiExp.swift */ = {isa = PBXFileReference; lastKnownFileType = sourcecode.swift; path = EssaiExp.swift; sourceTree = "<group>"; };
		38B042BE267B280100A0765D /* NeedsData.swift */ = {isa = PBXFileReference; lastKnownFileType = sourcecode.swift; path = NeedsData.swift; sourceTree = "<group>"; };
		C265B376267A46F100CF33A9 /* ExpérienceCard.swift */ = {isa = PBXFileReference; lastKnownFileType = sourcecode.swift; path = "ExpérienceCard.swift"; sourceTree = "<group>"; };
/* End PBXFileReference section */

/* Begin PBXFrameworksBuildPhase section */
		2BED7528267258D300C49853 /* Frameworks */ = {
			isa = PBXFrameworksBuildPhase;
			buildActionMask = 2147483647;
			files = (
			);
			runOnlyForDeploymentPostprocessing = 0;
		};
/* End PBXFrameworksBuildPhase section */

/* Begin PBXGroup section */
		13DCA7CA267372F1000F3E76 /* Resources */ = {
			isa = PBXGroup;
			children = (
				13DCA7CB26737304000F3E76 /* Experience.xcassets */,
				13DCA7CD26737320000F3E76 /* Profile.xcassets */,
			);
			path = Resources;
			sourceTree = "<group>";
		};
		21B6EBFA267C926C00EC2F9E /* Favoris */ = {
			isa = PBXGroup;
			children = (
				21B6EBFB267C927500EC2F9E /* Views */,
			);
			path = Favoris;
			sourceTree = "<group>";
		};
		21B6EBFB267C927500EC2F9E /* Views */ = {
			isa = PBXGroup;
			children = (
				21B6EBFC267C929600EC2F9E /* FavorisView.swift */,
			);
			path = Views;
			sourceTree = "<group>";
		};
		21B6EBFE267C92F700EC2F9E /* Components */ = {
			isa = PBXGroup;
			children = (
				21B6EC09267C955700EC2F9E /* DescriptionView.swift */,
				2BED754526725B0600C49853 /* CategoryFilter.swift */,
				21B6EC07267C948800EC2F9E /* ImageProfile.swift */,
				21B6EBFF267C932E00EC2F9E /* PriceView.swift */,
				21B6EC05267C940500EC2F9E /* RatingLine.swift */,
				21B6EC0B267C957000EC2F9E /* SectionTitle.swift */,
				21B6EC0D267C95A900EC2F9E /* SeeMoreButton.swift */,
				21B6EC01267C936D00EC2F9E /* TitleScreen.swift */,
				21B6EC46267CA20900EC2F9E /* DurationLine.swift */,
			);
			path = Components;
			sourceTree = "<group>";
		};
		21B6EC0F267C95D000EC2F9E /* Explorer */ = {
			isa = PBXGroup;
			children = (
				21B6EC18267C964800EC2F9E /* Components */,
				21B6EC13267C960E00EC2F9E /* Views */,
				21B6EC10267C95DE00EC2F9E /* Extensions */,
			);
			path = Explorer;
			sourceTree = "<group>";
		};
		21B6EC10267C95DE00EC2F9E /* Extensions */ = {
			isa = PBXGroup;
			children = (
				21B6EC11267C95F800EC2F9E /* Keyboard+.swift */,
			);
			path = Extensions;
			sourceTree = "<group>";
		};
		21B6EC13267C960E00EC2F9E /* Views */ = {
			isa = PBXGroup;
			children = (
				21B6EC14267C962100EC2F9E /* ExplorerView.swift */,
				21B6EC16267C963300EC2F9E /* MapView.swift */,
			);
			path = Views;
			sourceTree = "<group>";
		};
		21B6EC18267C964800EC2F9E /* Components */ = {
			isa = PBXGroup;
			children = (
				21B6EC19267C966C00EC2F9E /* SearchBar.swift */,
				21B6EC1D267C969400EC2F9E /* MapButton.swift */,
				21B6EC40267C9F2700EC2F9E /* ExperienceCard.swift */,
				21B6EC1B267C968200EC2F9E /* SearchView.swift */,
			);
			path = Components;
			sourceTree = "<group>";
		};
		21B6EC1F267C96C100EC2F9E /* Extensions */ = {
			isa = PBXGroup;
			children = (
				21B6EC20267C96E200EC2F9E /* Button+.swift */,
			);
			path = Extensions;
			sourceTree = "<group>";
		};
		21B6EC24267C973200EC2F9E /* Master */ = {
			isa = PBXGroup;
			children = (
				21B6EC25267C973C00EC2F9E /* MasterLogin.swift */,
			);
			path = Master;
			sourceTree = "<group>";
		};
		21B6EC3F267C9EBA00EC2F9E /* Components */ = {
			isa = PBXGroup;
			children = (
				383D1F0A267A025A0079823A /* AuthorMainInfos.swift */,
				383D1F0C267A028B0079823A /* ExperienceContact.swift */,
				383D1F0E267A029C0079823A /* ExperiencePriceDates.swift */,
				383D1F10267A02AD0079823A /* ExperienceProgram.swift */,
				383D1F12267A02D40079823A /* UserNeeds.swift */,
				383D1F042679FF9E0079823A /* ExperienceReviews.swift */,
				C265B376267A46F100CF33A9 /* ExpérienceCard.swift */,
				38B042BC267B23E800A0765D /* EssaiExp.swift */,
				38B042BE267B280100A0765D /* NeedsData.swift */,
			);
			path = Components;
			sourceTree = "<group>";
		};
		21B6EC42267CA04B00EC2F9E /* UserHistory */ = {
			isa = PBXGroup;
			children = (
				21B6EC43267CA05700EC2F9E /* Views */,
			);
			path = UserHistory;
			sourceTree = "<group>";
		};
		21B6EC43267CA05700EC2F9E /* Views */ = {
			isa = PBXGroup;
			children = (
				21B6EC44267CA07000EC2F9E /* UserHistoryView.swift */,
			);
			path = Views;
			sourceTree = "<group>";
		};
		2B3FF56B2673922900932E90 /* Model */ = {
			isa = PBXGroup;
			children = (
				2BE1E87326777DA100E4C55D /* ExperienceCategories.swift */,
				2BE1E881267782DC00E4C55D /* Experience.swift */,
				2BE1E8842677866900E4C55D /* Review.swift */,
				2BE1E887267786C700E4C55D /* User.swift */,
				2BE1E89026778A9300E4C55D /* Session.swift */,
				2BE1E88D267789E300E4C55D /* Address.swift */,
				2BE1E88A267789AA00E4C55D /* UserRole.swift */,
				2BE1E8792677808F00E4C55D /* ParticipationMode.swift */,
				2BE1E87626777F9C00E4C55D /* LocationMode.swift */,
			);
			path = Model;
			sourceTree = "<group>";
		};
		2B3FF56C2673924500932E90 /* Quiz */ = {
			isa = PBXGroup;
			children = (
				2B3FF57A267395B100932E90 /* Components */,
				2B3FF57B267395B100932E90 /* Model */,
				2B3FF577267395A600932E90 /* View */,
			);
			path = Quiz;
			sourceTree = "<group>";
		};
		2B3FF56D2673925600932E90 /* Profile */ = {
			isa = PBXGroup;
			children = (
				2B3FF57E267395BA00932E90 /* Components */,
				2B3FF57C267395BA00932E90 /* View */,
			);
			path = Profile;
			sourceTree = "<group>";
		};
		2B3FF56F267392E200932E90 /* Login */ = {
			isa = PBXGroup;
			children = (
				21B6EC24267C973200EC2F9E /* Master */,
				21B6EC1F267C96C100EC2F9E /* Extensions */,
				2B3FF5882673960500932E90 /* Components */,
				2B3FF5872673960500932E90 /* Model */,
				2B3FF5862673960500932E90 /* View */,
			);
			path = Login;
			sourceTree = "<group>";
		};
		2B3FF577267395A600932E90 /* View */ = {
			isa = PBXGroup;
			children = (
				2B26141A2678915F00C48BC2 /* StepThree.swift */,
				2BE1E86D26777D2700E4C55D /* Flow.swift */,
				2B2614292678A35D00C48BC2 /* Suggestions.swift */,
				2B90CC552677D4D000B5EC2E /* StepTwo.swift */,
				2BE1E8932677979600E4C55D /* StepOne.swift */,
			);
			path = View;
			sourceTree = "<group>";
		};
		2B3FF57A267395B100932E90 /* Components */ = {
			isa = PBXGroup;
			children = (
				2BE1E8662677704700E4C55D /* QuizTitle.swift */,
				2B26141D267892CB00C48BC2 /* BackButton.swift */,
				2B2614202678933D00C48BC2 /* SkipQuizButton.swift */,
				2BE1E86A2677712500E4C55D /* Category.swift */,
				2B26142326789B0500C48BC2 /* RandomCategory.swift */,
				2B26142C2678A38C00C48BC2 /* Suggestion.swift */,
			);
			path = Components;
			sourceTree = "<group>";
		};
		2B3FF57B267395B100932E90 /* Model */ = {
			isa = PBXGroup;
			children = (
				2BE1E87026777D4400E4C55D /* Quiz.swift */,
			);
			path = Model;
			sourceTree = "<group>";
		};
		2B3FF57C267395BA00932E90 /* View */ = {
			isa = PBXGroup;
			children = (
				21B6EC39267C9C5D00EC2F9E /* ProfileView.swift */,
			);
			path = View;
			sourceTree = "<group>";
		};
		2B3FF57E267395BA00932E90 /* Components */ = {
			isa = PBXGroup;
			children = (
				13F18E942678F4660095B184 /* InfosProfileView.swift */,
				13F18E962678F5780095B184 /* DescriptionProfileView.swift */,
				21B6EC3D267C9D2000EC2F9E /* InfosHeaderProfileView.swift */,
				21B6EC3B267C9CA200EC2F9E /* SettingsButtonView.swift */,
			);
			path = Components;
			sourceTree = "<group>";
		};
		2B3FF5862673960500932E90 /* View */ = {
			isa = PBXGroup;
			children = (
				21B6EC33267C97D400EC2F9E /* SignInView.swift */,
				21B6EC37267C97FE00EC2F9E /* ResetPassword.swift */,
				21B6EC35267C97EA00EC2F9E /* SignUpView.swift */,
			);
			path = View;
			sourceTree = "<group>";
		};
		2B3FF5872673960500932E90 /* Model */ = {
			isa = PBXGroup;
			children = (
				21B6EC22267C970800EC2F9E /* SignInWithAppleViewModel.swift */,
			);
			path = Model;
			sourceTree = "<group>";
		};
		2B3FF5882673960500932E90 /* Components */ = {
			isa = PBXGroup;
			children = (
				21B6EC27267C975500EC2F9E /* LoginButton.swift */,
				21B6EC2B267C977700EC2F9E /* PasswordTextFieldView.swift */,
				21B6EC2D267C978700EC2F9E /* InfosPersonalTextFieldView.swift */,
				21B6EC2F267C979F00EC2F9E /* QuickSignInWithApple.swift */,
				21B6EC31267C97B100EC2F9E /* OtherLoginButton.swift */,
				21B6EC29267C976500EC2F9E /* EmailTextFieldView.swift */,
			);
			path = Components;
			sourceTree = "<group>";
		};
		2BED7522267258D300C49853 = {
			isa = PBXGroup;
			children = (
				2BED752D267258D300C49853 /* inspire */,
				2BED752C267258D300C49853 /* Products */,
			);
			sourceTree = "<group>";
		};
		2BED752C267258D300C49853 /* Products */ = {
			isa = PBXGroup;
			children = (
				2BED752B267258D300C49853 /* inspire.app */,
			);
			name = Products;
			sourceTree = "<group>";
		};
		2BED752D267258D300C49853 /* inspire */ = {
			isa = PBXGroup;
			children = (
				2BED753C267258D600C49853 /* Info.plist */,
				2B1E500E26776612002B7E43 /* Colors+.swift */,
				2BED7530267258D300C49853 /* ContentView.swift */,
				2BED752E267258D300C49853 /* inspireApp.swift */,
				1344A240267A511800D00BD0 /* MainView.swift */,
				21B6EBF6267C907500EC2F9E /* MasterView.swift */,
				2BED7537267258D600C49853 /* Persistence.swift */,
				2BED7532267258D600C49853 /* Assets.xcassets */,
				21B6EBFE267C92F700EC2F9E /* Components */,
				2BED7539267258D600C49853 /* inspire.xcdatamodeld */,
				2B3FF56B2673922900932E90 /* Model */,
				2BED7534267258D600C49853 /* Preview Content */,
				13DCA7CA267372F1000F3E76 /* Resources */,
				2BED75432672591F00C49853 /* Views */,
			);
			path = inspire;
			sourceTree = "<group>";
		};
		2BED7534267258D600C49853 /* Preview Content */ = {
			isa = PBXGroup;
			children = (
				2BED7535267258D600C49853 /* Preview Assets.xcassets */,
			);
			path = "Preview Content";
			sourceTree = "<group>";
		};
		2BED75432672591F00C49853 /* Views */ = {
			isa = PBXGroup;
			children = (
				21B6EC42267CA04B00EC2F9E /* UserHistory */,
				21B6EC0F267C95D000EC2F9E /* Explorer */,
				21B6EBFA267C926C00EC2F9E /* Favoris */,
				383D1F022679FF9E0079823A /* Experience */,
				2B3FF56F267392E200932E90 /* Login */,
				2B3FF56D2673925600932E90 /* Profile */,
				2B3FF56C2673924500932E90 /* Quiz */,
			);
			path = Views;
			sourceTree = "<group>";
		};
		383D1F022679FF9E0079823A /* Experience */ = {
			isa = PBXGroup;
			children = (
				21B6EC3F267C9EBA00EC2F9E /* Components */,
				383D1F032679FF9E0079823A /* View */,
			);
			path = Experience;
			sourceTree = "<group>";
		};
		383D1F032679FF9E0079823A /* View */ = {
			isa = PBXGroup;
			children = (
				383D1F08267A024E0079823A /* ExperienceDetails.swift */,
			);
			path = View;
			sourceTree = "<group>";
		};
/* End PBXGroup section */

/* Begin PBXNativeTarget section */
		2BED752A267258D300C49853 /* inspire */ = {
			isa = PBXNativeTarget;
			buildConfigurationList = 2BED753F267258D600C49853 /* Build configuration list for PBXNativeTarget "inspire" */;
			buildPhases = (
				2BED7527267258D300C49853 /* Sources */,
				2BED7528267258D300C49853 /* Frameworks */,
				2BED7529267258D300C49853 /* Resources */,
			);
			buildRules = (
			);
			dependencies = (
			);
			name = inspire;
			productName = inspire;
			productReference = 2BED752B267258D300C49853 /* inspire.app */;
			productType = "com.apple.product-type.application";
		};
/* End PBXNativeTarget section */

/* Begin PBXProject section */
		2BED7523267258D300C49853 /* Project object */ = {
			isa = PBXProject;
			attributes = {
				LastSwiftUpdateCheck = 1240;
				LastUpgradeCheck = 1250;
				TargetAttributes = {
					2BED752A267258D300C49853 = {
						CreatedOnToolsVersion = 12.4;
					};
				};
			};
			buildConfigurationList = 2BED7526267258D300C49853 /* Build configuration list for PBXProject "inspire" */;
			compatibilityVersion = "Xcode 9.3";
			developmentRegion = en;
			hasScannedForEncodings = 0;
			knownRegions = (
				en,
				Base,
			);
			mainGroup = 2BED7522267258D300C49853;
			productRefGroup = 2BED752C267258D300C49853 /* Products */;
			projectDirPath = "";
			projectRoot = "";
			targets = (
				2BED752A267258D300C49853 /* inspire */,
			);
		};
/* End PBXProject section */

/* Begin PBXResourcesBuildPhase section */
		2BED7529267258D300C49853 /* Resources */ = {
			isa = PBXResourcesBuildPhase;
			buildActionMask = 2147483647;
			files = (
				13DCA7CC26737304000F3E76 /* Experience.xcassets in Resources */,
				13DCA7CE26737320000F3E76 /* Profile.xcassets in Resources */,
				2BED7536267258D600C49853 /* Preview Assets.xcassets in Resources */,
				2BED7533267258D600C49853 /* Assets.xcassets in Resources */,
			);
			runOnlyForDeploymentPostprocessing = 0;
		};
/* End PBXResourcesBuildPhase section */

/* Begin PBXSourcesBuildPhase section */
		2BED7527267258D300C49853 /* Sources */ = {
			isa = PBXSourcesBuildPhase;
			buildActionMask = 2147483647;
			files = (
				2B26141E267892CB00C48BC2 /* BackButton.swift in Sources */,
				21B6EC1E267C969400EC2F9E /* MapButton.swift in Sources */,
				21B6EC00267C932E00EC2F9E /* PriceView.swift in Sources */,
				383D1F09267A024E0079823A /* ExperienceDetails.swift in Sources */,
				2BED7538267258D600C49853 /* Persistence.swift in Sources */,
				21B6EC0E267C95A900EC2F9E /* SeeMoreButton.swift in Sources */,
				2BE1E88B267789AA00E4C55D /* UserRole.swift in Sources */,
				21B6EC08267C948800EC2F9E /* ImageProfile.swift in Sources */,
				21B6EC17267C963300EC2F9E /* MapView.swift in Sources */,
				383D1F0F267A029C0079823A /* ExperiencePriceDates.swift in Sources */,
				2BE1E88E267789E300E4C55D /* Address.swift in Sources */,
				38B042BD267B23E800A0765D /* EssaiExp.swift in Sources */,
				2B90CC562677D4D000B5EC2E /* StepTwo.swift in Sources */,
				2BE1E882267782DC00E4C55D /* Experience.swift in Sources */,
				21B6EC26267C973C00EC2F9E /* MasterLogin.swift in Sources */,
				2BE1E86E26777D2700E4C55D /* Flow.swift in Sources */,
				2BED7531267258D300C49853 /* ContentView.swift in Sources */,
				21B6EBF7267C907500EC2F9E /* MasterView.swift in Sources */,
				2B26141B2678915F00C48BC2 /* StepThree.swift in Sources */,
				21B6EC21267C96E200EC2F9E /* Button+.swift in Sources */,
				2B2614212678933D00C48BC2 /* SkipQuizButton.swift in Sources */,
				383D1F0B267A025A0079823A /* AuthorMainInfos.swift in Sources */,
				21B6EC45267CA07000EC2F9E /* UserHistoryView.swift in Sources */,
				21B6EBFD267C929600EC2F9E /* FavorisView.swift in Sources */,
				2BE1E8852677866900E4C55D /* Review.swift in Sources */,
				21B6EC28267C975500EC2F9E /* LoginButton.swift in Sources */,
				2B1E500F26776612002B7E43 /* Colors+.swift in Sources */,
				2BE1E86B2677712500E4C55D /* Category.swift in Sources */,
				2BE1E87426777DA100E4C55D /* ExperienceCategories.swift in Sources */,
				383D1F0D267A028B0079823A /* ExperienceContact.swift in Sources */,
				21B6EC06267C940500EC2F9E /* RatingLine.swift in Sources */,
				383D1F11267A02AD0079823A /* ExperienceProgram.swift in Sources */,
				21B6EC12267C95F800EC2F9E /* Keyboard+.swift in Sources */,
				21B6EC0A267C955700EC2F9E /* DescriptionView.swift in Sources */,
				21B6EC1C267C968200EC2F9E /* SearchView.swift in Sources */,
				38B042BF267B280100A0765D /* NeedsData.swift in Sources */,
				2BE1E87A2677808F00E4C55D /* ParticipationMode.swift in Sources */,
				21B6EC3A267C9C5D00EC2F9E /* ProfileView.swift in Sources */,
				2B26142D2678A38C00C48BC2 /* Suggestion.swift in Sources */,
				21B6EC0C267C957000EC2F9E /* SectionTitle.swift in Sources */,
				21B6EC34267C97D400EC2F9E /* SignInView.swift in Sources */,
				21B6EC3C267C9CA200EC2F9E /* SettingsButtonView.swift in Sources */,
				2BE1E87726777F9C00E4C55D /* LocationMode.swift in Sources */,
				2B26142A2678A35D00C48BC2 /* Suggestions.swift in Sources */,
				2BE1E8942677979600E4C55D /* StepOne.swift in Sources */,
				21B6EC02267C936D00EC2F9E /* TitleScreen.swift in Sources */,
				21B6EC32267C97B100EC2F9E /* OtherLoginButton.swift in Sources */,
				C265B377267A46F100CF33A9 /* ExpérienceCard.swift in Sources */,
				2BE1E8672677704700E4C55D /* QuizTitle.swift in Sources */,
				2BED753B267258D600C49853 /* inspire.xcdatamodeld in Sources */,
				21B6EC47267CA20900EC2F9E /* DurationLine.swift in Sources */,
				383D1F13267A02D40079823A /* UserNeeds.swift in Sources */,
				2BE1E87126777D4400E4C55D /* Quiz.swift in Sources */,
				2BE1E89126778A9300E4C55D /* Session.swift in Sources */,
				21B6EC1A267C966C00EC2F9E /* SearchBar.swift in Sources */,
				21B6EC36267C97EA00EC2F9E /* SignUpView.swift in Sources */,
				2BE1E888267786C700E4C55D /* User.swift in Sources */,
				21B6EC41267C9F2700EC2F9E /* ExperienceCard.swift in Sources */,
				21B6EC2E267C978700EC2F9E /* InfosPersonalTextFieldView.swift in Sources */,
				21B6EC15267C962100EC2F9E /* ExplorerView.swift in Sources */,
				21B6EC23267C970800EC2F9E /* SignInWithAppleViewModel.swift in Sources */,
				13F18E972678F5780095B184 /* DescriptionProfileView.swift in Sources */,
				2BED754626725B0600C49853 /* CategoryFilter.swift in Sources */,
				21B6EC38267C97FE00EC2F9E /* ResetPassword.swift in Sources */,
				2B26142426789B0500C48BC2 /* RandomCategory.swift in Sources */,
				21B6EC2C267C977700EC2F9E /* PasswordTextFieldView.swift in Sources */,
				21B6EC30267C979F00EC2F9E /* QuickSignInWithApple.swift in Sources */,
				13F18E952678F4660095B184 /* InfosProfileView.swift in Sources */,
				383D1F052679FF9E0079823A /* ExperienceReviews.swift in Sources */,
				1344A241267A511800D00BD0 /* MainView.swift in Sources */,
				21B6EC3E267C9D2000EC2F9E /* InfosHeaderProfileView.swift in Sources */,
				2BED752F267258D300C49853 /* inspireApp.swift in Sources */,
				21B6EC2A267C976500EC2F9E /* EmailTextFieldView.swift in Sources */,
			);
			runOnlyForDeploymentPostprocessing = 0;
		};
/* End PBXSourcesBuildPhase section */

/* Begin XCBuildConfiguration section */
		2BED753D267258D600C49853 /* Debug */ = {
			isa = XCBuildConfiguration;
			buildSettings = {
				ALWAYS_SEARCH_USER_PATHS = NO;
				CLANG_ANALYZER_NONNULL = YES;
				CLANG_ANALYZER_NUMBER_OBJECT_CONVERSION = YES_AGGRESSIVE;
				CLANG_CXX_LANGUAGE_STANDARD = "gnu++14";
				CLANG_CXX_LIBRARY = "libc++";
				CLANG_ENABLE_MODULES = YES;
				CLANG_ENABLE_OBJC_ARC = YES;
				CLANG_ENABLE_OBJC_WEAK = YES;
				CLANG_WARN_BLOCK_CAPTURE_AUTORELEASING = YES;
				CLANG_WARN_BOOL_CONVERSION = YES;
				CLANG_WARN_COMMA = YES;
				CLANG_WARN_CONSTANT_CONVERSION = YES;
				CLANG_WARN_DEPRECATED_OBJC_IMPLEMENTATIONS = YES;
				CLANG_WARN_DIRECT_OBJC_ISA_USAGE = YES_ERROR;
				CLANG_WARN_DOCUMENTATION_COMMENTS = YES;
				CLANG_WARN_EMPTY_BODY = YES;
				CLANG_WARN_ENUM_CONVERSION = YES;
				CLANG_WARN_INFINITE_RECURSION = YES;
				CLANG_WARN_INT_CONVERSION = YES;
				CLANG_WARN_NON_LITERAL_NULL_CONVERSION = YES;
				CLANG_WARN_OBJC_IMPLICIT_RETAIN_SELF = YES;
				CLANG_WARN_OBJC_LITERAL_CONVERSION = YES;
				CLANG_WARN_OBJC_ROOT_CLASS = YES_ERROR;
				CLANG_WARN_QUOTED_INCLUDE_IN_FRAMEWORK_HEADER = YES;
				CLANG_WARN_RANGE_LOOP_ANALYSIS = YES;
				CLANG_WARN_STRICT_PROTOTYPES = YES;
				CLANG_WARN_SUSPICIOUS_MOVE = YES;
				CLANG_WARN_UNGUARDED_AVAILABILITY = YES_AGGRESSIVE;
				CLANG_WARN_UNREACHABLE_CODE = YES;
				CLANG_WARN__DUPLICATE_METHOD_MATCH = YES;
				COPY_PHASE_STRIP = NO;
				DEBUG_INFORMATION_FORMAT = dwarf;
				ENABLE_STRICT_OBJC_MSGSEND = YES;
				ENABLE_TESTABILITY = YES;
				GCC_C_LANGUAGE_STANDARD = gnu11;
				GCC_DYNAMIC_NO_PIC = NO;
				GCC_NO_COMMON_BLOCKS = YES;
				GCC_OPTIMIZATION_LEVEL = 0;
				GCC_PREPROCESSOR_DEFINITIONS = (
					"DEBUG=1",
					"$(inherited)",
				);
				GCC_WARN_64_TO_32_BIT_CONVERSION = YES;
				GCC_WARN_ABOUT_RETURN_TYPE = YES_ERROR;
				GCC_WARN_UNDECLARED_SELECTOR = YES;
				GCC_WARN_UNINITIALIZED_AUTOS = YES_AGGRESSIVE;
				GCC_WARN_UNUSED_FUNCTION = YES;
				GCC_WARN_UNUSED_VARIABLE = YES;
				IPHONEOS_DEPLOYMENT_TARGET = 14.4;
				MTL_ENABLE_DEBUG_INFO = INCLUDE_SOURCE;
				MTL_FAST_MATH = YES;
				ONLY_ACTIVE_ARCH = YES;
				SDKROOT = iphoneos;
				SWIFT_ACTIVE_COMPILATION_CONDITIONS = DEBUG;
				SWIFT_OPTIMIZATION_LEVEL = "-Onone";
			};
			name = Debug;
		};
		2BED753E267258D600C49853 /* Release */ = {
			isa = XCBuildConfiguration;
			buildSettings = {
				ALWAYS_SEARCH_USER_PATHS = NO;
				CLANG_ANALYZER_NONNULL = YES;
				CLANG_ANALYZER_NUMBER_OBJECT_CONVERSION = YES_AGGRESSIVE;
				CLANG_CXX_LANGUAGE_STANDARD = "gnu++14";
				CLANG_CXX_LIBRARY = "libc++";
				CLANG_ENABLE_MODULES = YES;
				CLANG_ENABLE_OBJC_ARC = YES;
				CLANG_ENABLE_OBJC_WEAK = YES;
				CLANG_WARN_BLOCK_CAPTURE_AUTORELEASING = YES;
				CLANG_WARN_BOOL_CONVERSION = YES;
				CLANG_WARN_COMMA = YES;
				CLANG_WARN_CONSTANT_CONVERSION = YES;
				CLANG_WARN_DEPRECATED_OBJC_IMPLEMENTATIONS = YES;
				CLANG_WARN_DIRECT_OBJC_ISA_USAGE = YES_ERROR;
				CLANG_WARN_DOCUMENTATION_COMMENTS = YES;
				CLANG_WARN_EMPTY_BODY = YES;
				CLANG_WARN_ENUM_CONVERSION = YES;
				CLANG_WARN_INFINITE_RECURSION = YES;
				CLANG_WARN_INT_CONVERSION = YES;
				CLANG_WARN_NON_LITERAL_NULL_CONVERSION = YES;
				CLANG_WARN_OBJC_IMPLICIT_RETAIN_SELF = YES;
				CLANG_WARN_OBJC_LITERAL_CONVERSION = YES;
				CLANG_WARN_OBJC_ROOT_CLASS = YES_ERROR;
				CLANG_WARN_QUOTED_INCLUDE_IN_FRAMEWORK_HEADER = YES;
				CLANG_WARN_RANGE_LOOP_ANALYSIS = YES;
				CLANG_WARN_STRICT_PROTOTYPES = YES;
				CLANG_WARN_SUSPICIOUS_MOVE = YES;
				CLANG_WARN_UNGUARDED_AVAILABILITY = YES_AGGRESSIVE;
				CLANG_WARN_UNREACHABLE_CODE = YES;
				CLANG_WARN__DUPLICATE_METHOD_MATCH = YES;
				COPY_PHASE_STRIP = NO;
				DEBUG_INFORMATION_FORMAT = "dwarf-with-dsym";
				ENABLE_NS_ASSERTIONS = NO;
				ENABLE_STRICT_OBJC_MSGSEND = YES;
				GCC_C_LANGUAGE_STANDARD = gnu11;
				GCC_NO_COMMON_BLOCKS = YES;
				GCC_WARN_64_TO_32_BIT_CONVERSION = YES;
				GCC_WARN_ABOUT_RETURN_TYPE = YES_ERROR;
				GCC_WARN_UNDECLARED_SELECTOR = YES;
				GCC_WARN_UNINITIALIZED_AUTOS = YES_AGGRESSIVE;
				GCC_WARN_UNUSED_FUNCTION = YES;
				GCC_WARN_UNUSED_VARIABLE = YES;
				IPHONEOS_DEPLOYMENT_TARGET = 14.4;
				MTL_ENABLE_DEBUG_INFO = NO;
				MTL_FAST_MATH = YES;
				SDKROOT = iphoneos;
				SWIFT_COMPILATION_MODE = wholemodule;
				SWIFT_OPTIMIZATION_LEVEL = "-O";
				VALIDATE_PRODUCT = YES;
			};
			name = Release;
		};
		2BED7540267258D600C49853 /* Debug */ = {
			isa = XCBuildConfiguration;
			buildSettings = {
				ASSETCATALOG_COMPILER_APPICON_NAME = AppIcon;
				ASSETCATALOG_COMPILER_GLOBAL_ACCENT_COLOR_NAME = AccentColor;
				CODE_SIGN_STYLE = Automatic;
				DEVELOPMENT_ASSET_PATHS = "\"inspire/Preview Content\"";
				DEVELOPMENT_TEAM = 3YH82379B8;
				ENABLE_PREVIEWS = YES;
				INFOPLIST_FILE = inspire/Info.plist;
				IPHONEOS_DEPLOYMENT_TARGET = 14.0;
				LD_RUNPATH_SEARCH_PATHS = (
					"$(inherited)",
					"@executable_path/Frameworks",
				);
				PRODUCT_BUNDLE_IDENTIFIER = com.abdoum.inspire;
				PRODUCT_NAME = "$(TARGET_NAME)";
				SWIFT_VERSION = 5.0;
				TARGETED_DEVICE_FAMILY = "1,2";
			};
			name = Debug;
		};
		2BED7541267258D600C49853 /* Release */ = {
			isa = XCBuildConfiguration;
			buildSettings = {
				ASSETCATALOG_COMPILER_APPICON_NAME = AppIcon;
				ASSETCATALOG_COMPILER_GLOBAL_ACCENT_COLOR_NAME = AccentColor;
				CODE_SIGN_STYLE = Automatic;
				DEVELOPMENT_ASSET_PATHS = "\"inspire/Preview Content\"";
				DEVELOPMENT_TEAM = 3YH82379B8;
				ENABLE_PREVIEWS = YES;
				INFOPLIST_FILE = inspire/Info.plist;
				IPHONEOS_DEPLOYMENT_TARGET = 14.0;
				LD_RUNPATH_SEARCH_PATHS = (
					"$(inherited)",
					"@executable_path/Frameworks",
				);
				PRODUCT_BUNDLE_IDENTIFIER = com.abdoum.inspire;
				PRODUCT_NAME = "$(TARGET_NAME)";
				SWIFT_VERSION = 5.0;
				TARGETED_DEVICE_FAMILY = "1,2";
			};
			name = Release;
		};
/* End XCBuildConfiguration section */

/* Begin XCConfigurationList section */
		2BED7526267258D300C49853 /* Build configuration list for PBXProject "inspire" */ = {
			isa = XCConfigurationList;
			buildConfigurations = (
				2BED753D267258D600C49853 /* Debug */,
				2BED753E267258D600C49853 /* Release */,
			);
			defaultConfigurationIsVisible = 0;
			defaultConfigurationName = Release;
		};
		2BED753F267258D600C49853 /* Build configuration list for PBXNativeTarget "inspire" */ = {
			isa = XCConfigurationList;
			buildConfigurations = (
				2BED7540267258D600C49853 /* Debug */,
				2BED7541267258D600C49853 /* Release */,
			);
			defaultConfigurationIsVisible = 0;
			defaultConfigurationName = Release;
		};
/* End XCConfigurationList section */

/* Begin XCVersionGroup section */
		2BED7539267258D600C49853 /* inspire.xcdatamodeld */ = {
			isa = XCVersionGroup;
			children = (
				2BED753A267258D600C49853 /* inspire.xcdatamodel */,
			);
			currentVersion = 2BED753A267258D600C49853 /* inspire.xcdatamodel */;
			path = inspire.xcdatamodeld;
			sourceTree = "<group>";
			versionGroupType = wrapper.xcdatamodel;
		};
/* End XCVersionGroup section */
	};
	rootObject = 2BED7523267258D300C49853 /* Project object */;
}
